
Microsoft Visual Studio Solution File, Format Version 12.00
# Visual Studio Version 16
VisualStudioVersion = 16.0.32002.261
MinimumVisualStudioVersion = 10.0.40219.1
Project("{FAE04EC0-301F-11D3-BF4B-00C04F79EFBC}") = "Analyze User Website Visit Pattern", "Analyze User Website Visit Pattern\Analyze User Website Visit Pattern.csproj", "{7C6DA60B-7EB6-44BE-A32F-D65845B1512D}"
EndProject
Global
	GlobalSection(SolutionConfigurationPlatforms) = preSolution
		Debug|Any CPU = Debug|Any CPU
		Release|Any CPU = Release|Any CPU
	EndGlobalSection
	GlobalSection(ProjectConfigurationPlatforms) = postSolution
		{7C6DA60B-7EB6-44BE-A32F-D65845B1512D}.Debug|Any CPU.ActiveCfg = Debug|Any CPU
		{7C6DA60B-7EB6-44BE-A32F-D65845B1512D}.Debug|Any CPU.Build.0 = Debug|Any CPU
		{7C6DA60B-7EB6-44BE-A32F-D65845B1512D}.Release|Any CPU.ActiveCfg = Release|Any CPU
		{7C6DA60B-7EB6-44BE-A32F-D65845B1512D}.Release|Any CPU.Build.0 = Release|Any CPU
	EndGlobalSection
	GlobalSection(SolutionProperties) = preSolution
		HideSolutionNode = FALSE
	EndGlobalSection
	GlobalSection(ExtensibilityGlobals) = postSolution
		SolutionGuid = {D6E9556F-ECFE-44C6-8F69-7D12C50C5A48}
	EndGlobalSection
EndGlobal
